
Microsoft Visual Studio Solution File, Format Version 12.00
# Visual Studio Version 16
VisualStudioVersion = 16.0.31702.278
MinimumVisualStudioVersion = 10.0.40219.1
Project("{2150E333-8FDC-42A3-9474-1A3956D46DE8}") = "Backend", "Backend", "{24C5CB55-E426-4957-9CCA-C9F573949264}"
EndProject
Project("{2150E333-8FDC-42A3-9474-1A3956D46DE8}") = "Frontend", "Frontend", "{BC5F0750-EF8F-437E-881E-2FE613E6813B}"
EndProject
Project("{2150E333-8FDC-42A3-9474-1A3956D46DE8}") = "Shared", "Shared", "{BAB6AE9A-C7AF-444B-8458-EF580482209A}"
EndProject
Project("{9A19103F-16F7-4668-BE54-9A1E7A4F7556}") = "AIPO74_HFT_2021221.Endpoint", "AIPO74_HFT_2021221.Endpoint\AIPO74_HFT_2021221.Endpoint.csproj", "{A385CF2B-C764-4808-B399-4C468DF7099B}"
EndProject
Project("{9A19103F-16F7-4668-BE54-9A1E7A4F7556}") = "AIPO74_HFT_2021221.Data", "AIPO74_HFT_2021221.Data\AIPO74_HFT_2021221.Data.csproj", "{86240015-2DA7-4932-AAA6-D3975E782608}"
EndProject
Project("{9A19103F-16F7-4668-BE54-9A1E7A4F7556}") = "AIPO74_HFT_2021221.Logic", "AIPO74_HFT_2021221.Logic\AIPO74_HFT_2021221.Logic.csproj", "{3CCC61A2-1A64-4049-91B8-730D4AE0B53A}"
EndProject
Project("{9A19103F-16F7-4668-BE54-9A1E7A4F7556}") = "AIPO74_HFT_2021221.Test", "AIPO74_HFT_2021221.Test\AIPO74_HFT_2021221.Test.csproj", "{33A57000-8124-40C8-8CE3-194387878D9F}"
EndProject
Project("{9A19103F-16F7-4668-BE54-9A1E7A4F7556}") = "AIPO74_HFT_2021221.Repository", "AIPO74_HFT_2021221.Repository\AIPO74_HFT_2021221.Repository.csproj", "{E05E16C3-1F0C-4A93-800F-75A859FEBFBA}"
EndProject
Project("{9A19103F-16F7-4668-BE54-9A1E7A4F7556}") = "AIPO74_HFT_2021221.Client", "AIPO74_HFT_2021221.Client\AIPO74_HFT_2021221.Client.csproj", "{00956661-80C3-4211-8CE6-C25D5FEEA990}"
EndProject
Project("{9A19103F-16F7-4668-BE54-9A1E7A4F7556}") = "AIPO74_HFT_2021221.Models", "AIPO74_HFT_2021221.Models\AIPO74_HFT_2021221.Models.csproj", "{55FE1F94-123F-4BD8-B6D7-A33D80F95908}"
EndProject
Project("{2150E333-8FDC-42A3-9474-1A3956D46DE8}") = "Others", "Others", "{254555C8-105D-45FA-AB2E-C85FEBFDBE41}"
	ProjectSection(SolutionItems) = preProject
		.gitignore = .gitignore
	EndProjectSection
EndProject
Project("{FAE04EC0-301F-11D3-BF4B-00C04F79EFBC}") = "AIPO74_HFT_2021221.Wpf", "AIPO74_HFT_2021221.Wpf\AIPO74_HFT_2021221.Wpf.csproj", "{E2407362-702C-48AA-9780-3D72311842F5}"
EndProject
Global
	GlobalSection(SolutionConfigurationPlatforms) = preSolution
		Debug|Any CPU = Debug|Any CPU
		Release|Any CPU = Release|Any CPU
	EndGlobalSection
	GlobalSection(ProjectConfigurationPlatforms) = postSolution
		{A385CF2B-C764-4808-B399-4C468DF7099B}.Debug|Any CPU.ActiveCfg = Debug|Any CPU
		{A385CF2B-C764-4808-B399-4C468DF7099B}.Debug|Any CPU.Build.0 = Debug|Any CPU
		{A385CF2B-C764-4808-B399-4C468DF7099B}.Release|Any CPU.ActiveCfg = Release|Any CPU
		{A385CF2B-C764-4808-B399-4C468DF7099B}.Release|Any CPU.Build.0 = Release|Any CPU
		{86240015-2DA7-4932-AAA6-D3975E782608}.Debug|Any CPU.ActiveCfg = Debug|Any CPU
		{86240015-2DA7-4932-AAA6-D3975E782608}.Debug|Any CPU.Build.0 = Debug|Any CPU
		{86240015-2DA7-4932-AAA6-D3975E782608}.Release|Any CPU.ActiveCfg = Release|Any CPU
		{86240015-2DA7-4932-AAA6-D3975E782608}.Release|Any CPU.Build.0 = Release|Any CPU
		{3CCC61A2-1A64-4049-91B8-730D4AE0B53A}.Debug|Any CPU.ActiveCfg = Debug|Any CPU
		{3CCC61A2-1A64-4049-91B8-730D4AE0B53A}.Debug|Any CPU.Build.0 = Debug|Any CPU
		{3CCC61A2-1A64-4049-91B8-730D4AE0B53A}.Release|Any CPU.ActiveCfg = Release|Any CPU
		{3CCC61A2-1A64-4049-91B8-730D4AE0B53A}.Release|Any CPU.Build.0 = Release|Any CPU
		{33A57000-8124-40C8-8CE3-194387878D9F}.Debug|Any CPU.ActiveCfg = Debug|Any CPU
		{33A57000-8124-40C8-8CE3-194387878D9F}.Debug|Any CPU.Build.0 = Debug|Any CPU
		{33A57000-8124-40C8-8CE3-194387878D9F}.Release|Any CPU.ActiveCfg = Release|Any CPU
		{33A57000-8124-40C8-8CE3-194387878D9F}.Release|Any CPU.Build.0 = Release|Any CPU
		{E05E16C3-1F0C-4A93-800F-75A859FEBFBA}.Debug|Any CPU.ActiveCfg = Debug|Any CPU
		{E05E16C3-1F0C-4A93-800F-75A859FEBFBA}.Debug|Any CPU.Build.0 = Debug|Any CPU
		{E05E16C3-1F0C-4A93-800F-75A859FEBFBA}.Release|Any CPU.ActiveCfg = Release|Any CPU
		{E05E16C3-1F0C-4A93-800F-75A859FEBFBA}.Release|Any CPU.Build.0 = Release|Any CPU
		{00956661-80C3-4211-8CE6-C25D5FEEA990}.Debug|Any CPU.ActiveCfg = Debug|Any CPU
		{00956661-80C3-4211-8CE6-C25D5FEEA990}.Debug|Any CPU.Build.0 = Debug|Any CPU
		{00956661-80C3-4211-8CE6-C25D5FEEA990}.Release|Any CPU.ActiveCfg = Release|Any CPU
		{00956661-80C3-4211-8CE6-C25D5FEEA990}.Release|Any CPU.Build.0 = Release|Any CPU
		{55FE1F94-123F-4BD8-B6D7-A33D80F95908}.Debug|Any CPU.ActiveCfg = Debug|Any CPU
		{55FE1F94-123F-4BD8-B6D7-A33D80F95908}.Debug|Any CPU.Build.0 = Debug|Any CPU
		{55FE1F94-123F-4BD8-B6D7-A33D80F95908}.Release|Any CPU.ActiveCfg = Release|Any CPU
		{55FE1F94-123F-4BD8-B6D7-A33D80F95908}.Release|Any CPU.Build.0 = Release|Any CPU
		{E2407362-702C-48AA-9780-3D72311842F5}.Debug|Any CPU.ActiveCfg = Debug|Any CPU
		{E2407362-702C-48AA-9780-3D72311842F5}.Debug|Any CPU.Build.0 = Debug|Any CPU
		{E2407362-702C-48AA-9780-3D72311842F5}.Release|Any CPU.ActiveCfg = Release|Any CPU
		{E2407362-702C-48AA-9780-3D72311842F5}.Release|Any CPU.Build.0 = Release|Any CPU
	EndGlobalSection
	GlobalSection(SolutionProperties) = preSolution
		HideSolutionNode = FALSE
	EndGlobalSection
	GlobalSection(NestedProjects) = preSolution
		{A385CF2B-C764-4808-B399-4C468DF7099B} = {24C5CB55-E426-4957-9CCA-C9F573949264}
		{86240015-2DA7-4932-AAA6-D3975E782608} = {24C5CB55-E426-4957-9CCA-C9F573949264}
		{3CCC61A2-1A64-4049-91B8-730D4AE0B53A} = {24C5CB55-E426-4957-9CCA-C9F573949264}
		{33A57000-8124-40C8-8CE3-194387878D9F} = {24C5CB55-E426-4957-9CCA-C9F573949264}
		{E05E16C3-1F0C-4A93-800F-75A859FEBFBA} = {24C5CB55-E426-4957-9CCA-C9F573949264}
		{00956661-80C3-4211-8CE6-C25D5FEEA990} = {BC5F0750-EF8F-437E-881E-2FE613E6813B}
		{55FE1F94-123F-4BD8-B6D7-A33D80F95908} = {BAB6AE9A-C7AF-444B-8458-EF580482209A}
		{E2407362-702C-48AA-9780-3D72311842F5} = {BC5F0750-EF8F-437E-881E-2FE613E6813B}
	EndGlobalSection
	GlobalSection(ExtensibilityGlobals) = postSolution
		SolutionGuid = {FBF0A1D9-9EE7-4B28-9733-7F98BF9BC6F0}
	EndGlobalSection
EndGlobal
