
Microsoft Visual Studio Solution File, Format Version 12.00
# Visual Studio Version 16
VisualStudioVersion = 16.0.31702.278
MinimumVisualStudioVersion = 10.0.40219.1
Project("{2150E333-8FDC-42A3-9474-1A3956D46DE8}") = "Backend", "Backend", "{A1CDC822-6267-4624-BC29-1093EAD447CC}"
EndProject
Project("{2150E333-8FDC-42A3-9474-1A3956D46DE8}") = "Frontend", "Frontend", "{E08C7EA8-27F6-4BCF-8CCB-A46B2C6B98C4}"
EndProject
Project("{2150E333-8FDC-42A3-9474-1A3956D46DE8}") = "Shared", "Shared", "{3AED1909-0294-4A6A-889A-DE664F9FD0AF}"
EndProject
Project("{FAE04EC0-301F-11D3-BF4B-00C04F79EFBC}") = "AIPO74_HFT_2021221.Client", "AIPO74_HFT_2021221.Client\AIPO74_HFT_2021221.Client.csproj", "{6713C6C0-7742-44B1-9D90-CB0090962160}"
EndProject
Project("{FAE04EC0-301F-11D3-BF4B-00C04F79EFBC}") = "AIPO74_HFT_2021221.Models", "AIPO74_HFT_2021221.Models\AIPO74_HFT_2021221.Models.csproj", "{A1F8C4B2-27DC-4759-B399-7AB332A3512F}"
EndProject
Project("{FAE04EC0-301F-11D3-BF4B-00C04F79EFBC}") = "AIPO74_HFT_2021221.Test", "AIPO74_HFT_2021221.Test\AIPO74_HFT_2021221.Test.csproj", "{610B3041-5BFB-47F3-A931-B23DAE319ED6}"
EndProject
Project("{FAE04EC0-301F-11D3-BF4B-00C04F79EFBC}") = "AIPO74_HFT_2021221.Repository", "AIPO74_HFT_2021221.Repository\AIPO74_HFT_2021221.Repository.csproj", "{05BD032A-82B0-4F4A-A76D-4F4F7262E1F7}"
EndProject
Project("{FAE04EC0-301F-11D3-BF4B-00C04F79EFBC}") = "AIPO74_HFT_2021221.Endpoint", "AIPO74_HFT_2021221.Endpoint\AIPO74_HFT_2021221.Endpoint.csproj", "{6D8DA716-5CC1-4756-B53A-189097E4D311}"
EndProject
Project("{FAE04EC0-301F-11D3-BF4B-00C04F79EFBC}") = "AIPO74_HFT_2021221.Data", "AIPO74_HFT_2021221.Data\AIPO74_HFT_2021221.Data.csproj", "{6FF3DD7B-B502-42E6-998A-B7F920F4F185}"
EndProject
Project("{FAE04EC0-301F-11D3-BF4B-00C04F79EFBC}") = "AIPO74_HFT_2021221.Logic", "AIPO74_HFT_2021221.Logic\AIPO74_HFT_2021221.Logic.csproj", "{152543DB-183D-46C0-ABCF-4DA631CB4A4F}"
EndProject
Global
	GlobalSection(SolutionConfigurationPlatforms) = preSolution
		Debug|Any CPU = Debug|Any CPU
		Release|Any CPU = Release|Any CPU
	EndGlobalSection
	GlobalSection(ProjectConfigurationPlatforms) = postSolution
		{6713C6C0-7742-44B1-9D90-CB0090962160}.Debug|Any CPU.ActiveCfg = Debug|Any CPU
		{6713C6C0-7742-44B1-9D90-CB0090962160}.Debug|Any CPU.Build.0 = Debug|Any CPU
		{6713C6C0-7742-44B1-9D90-CB0090962160}.Release|Any CPU.ActiveCfg = Release|Any CPU
		{6713C6C0-7742-44B1-9D90-CB0090962160}.Release|Any CPU.Build.0 = Release|Any CPU
		{A1F8C4B2-27DC-4759-B399-7AB332A3512F}.Debug|Any CPU.ActiveCfg = Debug|Any CPU
		{A1F8C4B2-27DC-4759-B399-7AB332A3512F}.Debug|Any CPU.Build.0 = Debug|Any CPU
		{A1F8C4B2-27DC-4759-B399-7AB332A3512F}.Release|Any CPU.ActiveCfg = Release|Any CPU
		{A1F8C4B2-27DC-4759-B399-7AB332A3512F}.Release|Any CPU.Build.0 = Release|Any CPU
		{610B3041-5BFB-47F3-A931-B23DAE319ED6}.Debug|Any CPU.ActiveCfg = Debug|Any CPU
		{610B3041-5BFB-47F3-A931-B23DAE319ED6}.Debug|Any CPU.Build.0 = Debug|Any CPU
		{610B3041-5BFB-47F3-A931-B23DAE319ED6}.Release|Any CPU.ActiveCfg = Release|Any CPU
		{610B3041-5BFB-47F3-A931-B23DAE319ED6}.Release|Any CPU.Build.0 = Release|Any CPU
		{05BD032A-82B0-4F4A-A76D-4F4F7262E1F7}.Debug|Any CPU.ActiveCfg = Debug|Any CPU
		{05BD032A-82B0-4F4A-A76D-4F4F7262E1F7}.Debug|Any CPU.Build.0 = Debug|Any CPU
		{05BD032A-82B0-4F4A-A76D-4F4F7262E1F7}.Release|Any CPU.ActiveCfg = Release|Any CPU
		{05BD032A-82B0-4F4A-A76D-4F4F7262E1F7}.Release|Any CPU.Build.0 = Release|Any CPU
		{6D8DA716-5CC1-4756-B53A-189097E4D311}.Debug|Any CPU.ActiveCfg = Debug|Any CPU
		{6D8DA716-5CC1-4756-B53A-189097E4D311}.Debug|Any CPU.Build.0 = Debug|Any CPU
		{6D8DA716-5CC1-4756-B53A-189097E4D311}.Release|Any CPU.ActiveCfg = Release|Any CPU
		{6D8DA716-5CC1-4756-B53A-189097E4D311}.Release|Any CPU.Build.0 = Release|Any CPU
		{6FF3DD7B-B502-42E6-998A-B7F920F4F185}.Debug|Any CPU.ActiveCfg = Debug|Any CPU
		{6FF3DD7B-B502-42E6-998A-B7F920F4F185}.Debug|Any CPU.Build.0 = Debug|Any CPU
		{6FF3DD7B-B502-42E6-998A-B7F920F4F185}.Release|Any CPU.ActiveCfg = Release|Any CPU
		{6FF3DD7B-B502-42E6-998A-B7F920F4F185}.Release|Any CPU.Build.0 = Release|Any CPU
		{152543DB-183D-46C0-ABCF-4DA631CB4A4F}.Debug|Any CPU.ActiveCfg = Debug|Any CPU
		{152543DB-183D-46C0-ABCF-4DA631CB4A4F}.Debug|Any CPU.Build.0 = Debug|Any CPU
		{152543DB-183D-46C0-ABCF-4DA631CB4A4F}.Release|Any CPU.ActiveCfg = Release|Any CPU
		{152543DB-183D-46C0-ABCF-4DA631CB4A4F}.Release|Any CPU.Build.0 = Release|Any CPU
	EndGlobalSection
	GlobalSection(SolutionProperties) = preSolution
		HideSolutionNode = FALSE
	EndGlobalSection
	GlobalSection(NestedProjects) = preSolution
		{6713C6C0-7742-44B1-9D90-CB0090962160} = {E08C7EA8-27F6-4BCF-8CCB-A46B2C6B98C4}
		{A1F8C4B2-27DC-4759-B399-7AB332A3512F} = {3AED1909-0294-4A6A-889A-DE664F9FD0AF}
		{610B3041-5BFB-47F3-A931-B23DAE319ED6} = {A1CDC822-6267-4624-BC29-1093EAD447CC}
		{05BD032A-82B0-4F4A-A76D-4F4F7262E1F7} = {A1CDC822-6267-4624-BC29-1093EAD447CC}
		{6D8DA716-5CC1-4756-B53A-189097E4D311} = {A1CDC822-6267-4624-BC29-1093EAD447CC}
		{6FF3DD7B-B502-42E6-998A-B7F920F4F185} = {A1CDC822-6267-4624-BC29-1093EAD447CC}
		{152543DB-183D-46C0-ABCF-4DA631CB4A4F} = {A1CDC822-6267-4624-BC29-1093EAD447CC}
	EndGlobalSection
	GlobalSection(ExtensibilityGlobals) = postSolution
		SolutionGuid = {FBF0A1D9-9EE7-4B28-9733-7F98BF9BC6F0}
	EndGlobalSection
EndGlobal
